
Microsoft Visual Studio Solution File, Format Version 12.00
# Visual Studio Version 17
VisualStudioVersion = 17.0.31903.59
MinimumVisualStudioVersion = 10.0.40219.1
Project("{FAE04EC0-301F-11D3-BF4B-00C04F79EFBC}") = "cammove_cli", "cammove_cli\cammove_cli.csproj", "{C95CCC8E-3E1A-4754-BAA5-5E128402ED85}"
EndProject
Project("{FAE04EC0-301F-11D3-BF4B-00C04F79EFBC}") = "cammove_shared", "cammove_shared\cammove_shared.csproj", "{029C7914-E83C-4352-9396-82035D65CE3F}"
EndProject
Global
	GlobalSection(SolutionConfigurationPlatforms) = preSolution
		Debug|Any CPU = Debug|Any CPU
		Release|Any CPU = Release|Any CPU
	EndGlobalSection
	GlobalSection(SolutionProperties) = preSolution
		HideSolutionNode = FALSE
	EndGlobalSection
	GlobalSection(ProjectConfigurationPlatforms) = postSolution
		{C95CCC8E-3E1A-4754-BAA5-5E128402ED85}.Debug|Any CPU.ActiveCfg = Debug|Any CPU
		{C95CCC8E-3E1A-4754-BAA5-5E128402ED85}.Debug|Any CPU.Build.0 = Debug|Any CPU
		{C95CCC8E-3E1A-4754-BAA5-5E128402ED85}.Release|Any CPU.ActiveCfg = Release|Any CPU
		{C95CCC8E-3E1A-4754-BAA5-5E128402ED85}.Release|Any CPU.Build.0 = Release|Any CPU
		{029C7914-E83C-4352-9396-82035D65CE3F}.Debug|Any CPU.ActiveCfg = Debug|Any CPU
		{029C7914-E83C-4352-9396-82035D65CE3F}.Debug|Any CPU.Build.0 = Debug|Any CPU
		{029C7914-E83C-4352-9396-82035D65CE3F}.Release|Any CPU.ActiveCfg = Release|Any CPU
		{029C7914-E83C-4352-9396-82035D65CE3F}.Release|Any CPU.Build.0 = Release|Any CPU
	EndGlobalSection
EndGlobal
